
Microsoft Visual Studio Solution File, Format Version 12.00
# Visual Studio Version 17
VisualStudioVersion = 17.10.35013.160
MinimumVisualStudioVersion = 10.0.40219.1
Project("{FAE04EC0-301F-11D3-BF4B-00C04F79EFBC}") = "AuditTrailImplementtionInAspNetCoreWebAPI", "AuditTrailImplementtionInAspNetCoreWebAPI.csproj", "{C3359050-3446-4188-B2C7-EEA66B76FE96}"
EndProject
Global
	GlobalSection(SolutionConfigurationPlatforms) = preSolution
		Debug|Any CPU = Debug|Any CPU
		Release|Any CPU = Release|Any CPU
	EndGlobalSection
	GlobalSection(ProjectConfigurationPlatforms) = postSolution
		{C3359050-3446-4188-B2C7-EEA66B76FE96}.Debug|Any CPU.ActiveCfg = Debug|Any CPU
		{C3359050-3446-4188-B2C7-EEA66B76FE96}.Debug|Any CPU.Build.0 = Debug|Any CPU
		{C3359050-3446-4188-B2C7-EEA66B76FE96}.Release|Any CPU.ActiveCfg = Release|Any CPU
		{C3359050-3446-4188-B2C7-EEA66B76FE96}.Release|Any CPU.Build.0 = Release|Any CPU
	EndGlobalSection
	GlobalSection(SolutionProperties) = preSolution
		HideSolutionNode = FALSE
	EndGlobalSection
	GlobalSection(ExtensibilityGlobals) = postSolution
		SolutionGuid = {4DBA0037-84F5-4DEC-AB39-3D9D09465584}
	EndGlobalSection
EndGlobal
